# Generated by pub
# See https://dart.dev/tools/pub/glossary#lockfile
packages:
  args:
    dependency: "direct main"
    description:
      path: "."
      ref: "v2.5.0"
      resolved-ref: "5c83bc9785d6c32ffe6824ba79fadcc51fbcd1c1"
      url: "https://github.com/dart-lang/args.git"
    source: git
    version: "2.5.0"
  path:
    dependency: "direct main"
    description:
      name: path
      sha256: "75cca69d1490965be98c73ceaea117e8a04dd21217b37b292c9ddbec0d955bc5"
      url: "https://pub.dev"
    source: hosted
    version: "1.9.1"
sdks:
  dart: ">=3.4.0 <4.0.0"
